<?xml version="1.0" encoding="utf-8"?>
<Project ToolsVersion="4.0" xmlns="http://schemas.microsoft.com/developer/msbuild/2003">
  <ItemGroup>
    <Filter Include="头文件">
      <UniqueIdentifier>{79a49a9b-2c34-4148-a031-e24f9d300387}</UniqueIdentifier>
    </Filter>
    <Filter Include="源文件">
      <UniqueIdentifier>{ecff8185-4252-478c-a467-93ba1ab0452d}</UniqueIdentifier>
    </Filter>
    <Filter Include="着色器">
      <UniqueIdentifier>{569b07b9-8928-4aa4-b5bb-41781d728322}</UniqueIdentifier>
    </Filter>
  </ItemGroup>
  <ItemGroup>
    <ClInclude Include="ball_object.h">
      <Filter>头文件</Filter>
    </ClInclude>
    <ClInclude Include="game.h">
      <Filter>头文件</Filter>
    </ClInclude>
    <ClInclude Include="game_level.h">
      <Filter>头文件</Filter>
    </ClInclude>
    <ClInclude Include="game_object.h">
      <Filter>头文件</Filter>
    </ClInclude>
    <ClInclude Include="particle_generator.h">
      <Filter>头文件</Filter>
    </ClInclude>
    <ClInclude Include="post_processor.h">
      <Filter>头文件</Filter>
    </ClInclude>
    <ClInclude Include="power_up.h">
      <Filter>头文件</Filter>
    </ClInclude>
    <ClInclude Include="resource_manager.h">
      <Filter>头文件</Filter>
    </ClInclude>
    <ClInclude Include="shader.h">
      <Filter>头文件</Filter>
    </ClInclude>
    <ClInclude Include="sprite_renderer.h">
      <Filter>头文件</Filter>
    </ClInclude>
    <ClInclude Include="text_renderer.h">
      <Filter>头文件</Filter>
    </ClInclude>
    <ClInclude Include="texture.h">
      <Filter>头文件</Filter>
    </ClInclude>
  </ItemGroup>
  <ItemGroup>
    <ClCompile Include="ball_object.cpp">
      <Filter>源文件</Filter>
    </ClCompile>
    <ClCompile Include="game.cpp">
      <Filter>源文件</Filter>
    </ClCompile>
    <ClCompile Include="game_level.cpp">
      <Filter>源文件</Filter>
    </ClCompile>
    <ClCompile Include="game_object.cpp">
      <Filter>源文件</Filter>
    </ClCompile>
    <ClCompile Include="particle_generator.cpp">
      <Filter>源文件</Filter>
    </ClCompile>
    <ClCompile Include="post_processor.cpp">
      <Filter>源文件</Filter>
    </ClCompile>
    <ClCompile Include="resource_manager.cpp">
      <Filter>源文件</Filter>
    </ClCompile>
    <ClCompile Include="shader.cpp">
      <Filter>源文件</Filter>
    </ClCompile>
    <ClCompile Include="sprite_renderer.cpp">
      <Filter>源文件</Filter>
    </ClCompile>
    <ClCompile Include="text_renderer.cpp">
      <Filter>源文件</Filter>
    </ClCompile>
    <ClCompile Include="texture.cpp">
      <Filter>源文件</Filter>
    </ClCompile>
    <ClCompile Include="program.cpp" />
    <ClCompile Include="stb_image.cpp">
      <Filter>源文件</Filter>
    </ClCompile>
  </ItemGroup>
  <ItemGroup>
    <None Include="particle.frag">
      <Filter>着色器</Filter>
    </None>
    <None Include="particle.vert">
      <Filter>着色器</Filter>
    </None>
    <None Include="post_processing.frag">
      <Filter>着色器</Filter>
    </None>
    <None Include="post_processing.vert">
      <Filter>着色器</Filter>
    </None>
    <None Include="sprite.frag">
      <Filter>着色器</Filter>
    </None>
    <None Include="sprite.vert">
      <Filter>着色器</Filter>
    </None>
    <None Include="text_2d.frag">
      <Filter>着色器</Filter>
    </None>
    <None Include="text_2d.vert">
      <Filter>着色器</Filter>
    </None>
  </ItemGroup>
</Project>